<?xml version="1.0" encoding="utf-8"?>
<Project ToolsVersion="4.0" xmlns="http://schemas.microsoft.com/developer/msbuild/2003">
  <ItemGroup>
    <Filter Include="Source Files">
      <UniqueIdentifier>{4FC737F1-C7A5-4376-A066-2A32D752A2FF}</UniqueIdentifier>
      <Extensions>cpp;c;cc;cxx;def;odl;idl;hpj;bat;asm;asmx</Extensions>
    </Filter>
    <Filter Include="Header Files">
      <UniqueIdentifier>{93995380-89BD-4b04-88EB-625FBE52EBFB}</UniqueIdentifier>
      <Extensions>h;hpp;hxx;hm;inl;inc;xsd</Extensions>
    </Filter>
    <Filter Include="Resource Files">
      <UniqueIdentifier>{67DA6AB6-F800-4c08-8B7A-83BB121AAD01}</UniqueIdentifier>
      <Extensions>rc;ico;cur;bmp;dlg;rc2;rct;bin;rgs;gif;jpg;jpeg;jpe;resx;tiff;tif;png;wav</Extensions>
    </Filter>
  </ItemGroup>
  <ItemGroup>
    <ClCompile Include="src\Array.c">
      <Filter>Source Files</Filter>
    </ClCompile>
    <ClCompile Include="src\Buffer.c">
      <Filter>Source Files</Filter>
    </ClCompile>
    <ClCompile Include="src\Change.c">
      <Filter>Source Files</Filter>
    </ClCompile>
    <ClCompile Include="src\Command.c">
      <Filter>Source Files</Filter>
    </ClCompile>
    <ClCompile Include="src\Compare.c">
      <Filter>Source Files</Filter>
    </ClCompile>
    <ClCompile Include="src\ConfigReader.c">
      <Filter>Source Files</Filter>
    </ClCompile>
    <ClCompile Include="src\Crc32.c">
      <Filter>Source Files</Filter>
    </ClCompile>
    <ClCompile Include="src\DataCopy.c">
      <Filter>Source Files</Filter>
    </ClCompile>
    <ClCompile Include="src\DataOffset.c">
      <Filter>Source Files</Filter>
    </ClCompile>
    <ClCompile Include="src\DirectoryCache.c">
      <Filter>Source Files</Filter>
    </ClCompile>
    <ClCompile Include="src\Execute.c">
      <Filter>Source Files</Filter>
    </ClCompile>
    <ClCompile Include="src\File.c">
      <Filter>Source Files</Filter>
    </ClCompile>
    <ClCompile Include="src\FtpBaseCommands.c">
      <Filter>Source Files</Filter>
    </ClCompile>
    <ClCompile Include="src\FtpDataChannel.c">
      <Filter>Source Files</Filter>
    </ClCompile>
    <ClCompile Include="src\FtpServer.c">
      <Filter>Source Files</Filter>
    </ClCompile>
    <ClCompile Include="src\FtpSiteCommands.c">
      <Filter>Source Files</Filter>
    </ClCompile>
    <ClCompile Include="src\GroupFileModule.c">
      <Filter>Source Files</Filter>
    </ClCompile>
    <ClCompile Include="src\GroupNew.c">
      <Filter>Source Files</Filter>
    </ClCompile>
    <ClCompile Include="src\Help.c">
      <Filter>Source Files</Filter>
    </ClCompile>
    <ClCompile Include="src\IdDatabase.c">
      <Filter>Source Files</Filter>
    </ClCompile>
    <ClCompile Include="src\Identify.c">
      <Filter>Source Files</Filter>
    </ClCompile>
    <ClCompile Include="src\InternalMessageHandler.c">
      <Filter>Source Files</Filter>
    </ClCompile>
    <ClCompile Include="src\IoDebug.c">
      <Filter>Source Files</Filter>
    </ClCompile>
    <ClCompile Include="src\IoProcs.c">
      <Filter>Source Files</Filter>
    </ClCompile>
    <ClCompile Include="src\IoString.c">
      <Filter>Source Files</Filter>
    </ClCompile>
    <ClCompile Include="src\IoTime.c">
      <Filter>Source Files</Filter>
    </ClCompile>
    <ClCompile Include="src\Locking.c">
      <Filter>Source Files</Filter>
    </ClCompile>
    <ClCompile Include="src\LogSystem.c">
      <Filter>Source Files</Filter>
    </ClCompile>
    <ClCompile Include="src\Main.c">
      <Filter>Source Files</Filter>
    </ClCompile>
    <ClCompile Include="src\Memory.c">
      <Filter>Source Files</Filter>
    </ClCompile>
    <ClCompile Include="src\Message.c">
      <Filter>Source Files</Filter>
    </ClCompile>
    <ClCompile Include="src\MessageHandler.c">
      <Filter>Source Files</Filter>
    </ClCompile>
    <ClCompile Include="src\MessageObjects.c">
      <Filter>Source Files</Filter>
    </ClCompile>
    <ClCompile Include="src\MessageVariables.c">
      <Filter>Source Files</Filter>
    </ClCompile>
    <ClCompile Include="src\NewList.c">
      <Filter>Source Files</Filter>
    </ClCompile>
    <ClCompile Include="src\OpenSSL.c">
      <Filter>Source Files</Filter>
    </ClCompile>
    <ClCompile Include="src\Permission.c">
      <Filter>Source Files</Filter>
    </ClCompile>
    <ClCompile Include="src\PWD.c">
      <Filter>Source Files</Filter>
    </ClCompile>
    <ClCompile Include="src\RemoteAdmin.c">
      <Filter>Source Files</Filter>
    </ClCompile>
    <ClCompile Include="src\RowParser.c">
      <Filter>Source Files</Filter>
    </ClCompile>
    <ClCompile Include="src\Scheduler.c">
      <Filter>Source Files</Filter>
    </ClCompile>
    <ClCompile Include="src\Services.c">
      <Filter>Source Files</Filter>
    </ClCompile>
    <ClCompile Include="src\sha1.c">
      <Filter>Source Files</Filter>
    </ClCompile>
    <ClCompile Include="src\Socket.c">
      <Filter>Source Files</Filter>
    </ClCompile>
    <ClCompile Include="src\SocketAPI.c">
      <Filter>Source Files</Filter>
    </ClCompile>
    <ClCompile Include="src\Stats.c">
      <Filter>Source Files</Filter>
    </ClCompile>
    <ClCompile Include="src\Tcl.c">
      <Filter>Source Files</Filter>
    </ClCompile>
    <ClCompile Include="src\Threads.c">
      <Filter>Source Files</Filter>
    </ClCompile>
    <ClCompile Include="src\Timer.c">
      <Filter>Source Files</Filter>
    </ClCompile>
    <ClCompile Include="src\UserFileModule.c">
      <Filter>Source Files</Filter>
    </ClCompile>
    <ClCompile Include="src\UserNew.c">
      <Filter>Source Files</Filter>
    </ClCompile>
    <ClCompile Include="src\Who.c">
      <Filter>Source Files</Filter>
    </ClCompile>
    <ClCompile Include="src\WinErrors.c">
      <Filter>Source Files</Filter>
    </ClCompile>
    <ClCompile Include="src\TickCountHelper.c">
      <Filter>Source Files</Filter>
    </ClCompile>
  </ItemGroup>
  <ItemGroup>
    <ClInclude Include="include\AdminCommands.h">
      <Filter>Header Files</Filter>
    </ClInclude>
    <ClInclude Include="include\Array.h">
      <Filter>Header Files</Filter>
    </ClInclude>
    <ClInclude Include="include\brg_endian.h">
      <Filter>Header Files</Filter>
    </ClInclude>
    <ClInclude Include="include\brg_types.h">
      <Filter>Header Files</Filter>
    </ClInclude>
    <ClInclude Include="include\Buffer.h">
      <Filter>Header Files</Filter>
    </ClInclude>
    <ClInclude Include="include\Client.h">
      <Filter>Header Files</Filter>
    </ClInclude>
    <ClInclude Include="include\ConfigReader.h">
      <Filter>Header Files</Filter>
    </ClInclude>
    <ClInclude Include="include\ConnectionInfo.h">
      <Filter>Header Files</Filter>
    </ClInclude>
    <ClInclude Include="include\ControlConnection.h">
      <Filter>Header Files</Filter>
    </ClInclude>
    <ClInclude Include="include\DataConnection.h">
      <Filter>Header Files</Filter>
    </ClInclude>
    <ClInclude Include="include\DataCopy.h">
      <Filter>Header Files</Filter>
    </ClInclude>
    <ClInclude Include="include\DataOffset.h">
      <Filter>Header Files</Filter>
    </ClInclude>
    <ClInclude Include="include\DirectoryCache.h">
      <Filter>Header Files</Filter>
    </ClInclude>
    <ClInclude Include="include\Event.h">
      <Filter>Header Files</Filter>
    </ClInclude>
    <ClInclude Include="include\Ftp.h">
      <Filter>Header Files</Filter>
    </ClInclude>
    <ClInclude Include="include\Group.h">
      <Filter>Header Files</Filter>
    </ClInclude>
    <ClInclude Include="include\GroupFile.h">
      <Filter>Header Files</Filter>
    </ClInclude>
    <ClInclude Include="include\IdDataBase.h">
      <Filter>Header Files</Filter>
    </ClInclude>
    <ClInclude Include="include\Identify.h">
      <Filter>Header Files</Filter>
    </ClInclude>
    <ClInclude Include="include\IoError.h">
      <Filter>Header Files</Filter>
    </ClInclude>
    <ClInclude Include="include\IoFile.h">
      <Filter>Header Files</Filter>
    </ClInclude>
    <ClInclude Include="include\ioFTPD.h">
      <Filter>Header Files</Filter>
    </ClInclude>
    <ClInclude Include="include\IoMemory.h">
      <Filter>Header Files</Filter>
    </ClInclude>
    <ClInclude Include="include\IoOverlapped.h">
      <Filter>Header Files</Filter>
    </ClInclude>
    <ClInclude Include="include\IoProc.h">
      <Filter>Header Files</Filter>
    </ClInclude>
    <ClInclude Include="include\IoResource.h">
      <Filter>Header Files</Filter>
    </ClInclude>
    <ClInclude Include="include\IoService.h">
      <Filter>Header Files</Filter>
    </ClInclude>
    <ClInclude Include="include\iosocket.h">
      <Filter>Header Files</Filter>
    </ClInclude>
    <ClInclude Include="include\IoString.h">
      <Filter>Header Files</Filter>
    </ClInclude>
    <ClInclude Include="include\IoTcl.h">
      <Filter>Header Files</Filter>
    </ClInclude>
    <ClInclude Include="include\IoTime.h">
      <Filter>Header Files</Filter>
    </ClInclude>
    <ClInclude Include="include\Job.h">
      <Filter>Header Files</Filter>
    </ClInclude>
    <ClInclude Include="include\Lists.h">
      <Filter>Header Files</Filter>
    </ClInclude>
    <ClInclude Include="include\LockObject.h">
      <Filter>Header Files</Filter>
    </ClInclude>
    <ClInclude Include="include\Log.h">
      <Filter>Header Files</Filter>
    </ClInclude>
    <ClInclude Include="include\MessageFile.h">
      <Filter>Header Files</Filter>
    </ClInclude>
    <ClInclude Include="include\NewClient.h">
      <Filter>Header Files</Filter>
    </ClInclude>
    <ClInclude Include="include\NewList.h">
      <Filter>Header Files</Filter>
    </ClInclude>
    <ClInclude Include="include\RowParser.h">
      <Filter>Header Files</Filter>
    </ClInclude>
    <ClInclude Include="include\Scheduler.h">
      <Filter>Header Files</Filter>
    </ClInclude>
    <ClInclude Include="include\Select.h">
      <Filter>Header Files</Filter>
    </ClInclude>
    <ClInclude Include="include\ServerLimits.h">
      <Filter>Header Files</Filter>
    </ClInclude>
    <ClInclude Include="include\sha1.h">
      <Filter>Header Files</Filter>
    </ClInclude>
    <ClInclude Include="include\Stats.h">
      <Filter>Header Files</Filter>
    </ClInclude>
    <ClInclude Include="include\Threads.h">
      <Filter>Header Files</Filter>
    </ClInclude>
    <ClInclude Include="include\Timer.h">
      <Filter>Header Files</Filter>
    </ClInclude>
    <ClInclude Include="include\TimerProcedure.h">
      <Filter>Header Files</Filter>
    </ClInclude>
    <ClInclude Include="include\User.h">
      <Filter>Header Files</Filter>
    </ClInclude>
    <ClInclude Include="include\UserFile.h">
      <Filter>Header Files</Filter>
    </ClInclude>
    <ClInclude Include="include\VirtualPath.h">
      <Filter>Header Files</Filter>
    </ClInclude>
    <ClInclude Include="include\Who.h">
      <Filter>Header Files</Filter>
    </ClInclude>
    <ClInclude Include="include\WinMessages.h">
      <Filter>Header Files</Filter>
    </ClInclude>
    <ClInclude Include="resource.h">
      <Filter>Resource Files</Filter>
    </ClInclude>
    <ClInclude Include="include\TickCountHelper.h">
      <Filter>Header Files</Filter>
    </ClInclude>
    <ClInclude Include="Version.h">
      <Filter>Resource Files</Filter>
    </ClInclude>
  </ItemGroup>
  <ItemGroup>
    <Image Include="src\ioFTPD.ico">
      <Filter>Resource Files</Filter>
    </Image>
  </ItemGroup>
  <ItemGroup>
    <ResourceCompile Include="ioFTPD.rc">
      <Filter>Resource Files</Filter>
    </ResourceCompile>
  </ItemGroup>
</Project>